
Microsoft Visual Studio Solution File, Format Version 12.00
# Visual Studio Version 17
VisualStudioVersion = 17.9.34902.65
MinimumVisualStudioVersion = 10.0.40219.1
Project("{9A19103F-16F7-4668-BE54-9A1E7A4F7556}") = "net44163", "net44163.csproj", "{64C9D6C4-2A57-43AA-A35A-D3FF72D47949}"
EndProject
Global
	GlobalSection(SolutionConfigurationPlatforms) = preSolution
		Debug|Any CPU = Debug|Any CPU
		Release|Any CPU = Release|Any CPU
	EndGlobalSection
	GlobalSection(ProjectConfigurationPlatforms) = postSolution
		{64C9D6C4-2A57-43AA-A35A-D3FF72D47949}.Debug|Any CPU.ActiveCfg = Debug|Any CPU
		{64C9D6C4-2A57-43AA-A35A-D3FF72D47949}.Debug|Any CPU.Build.0 = Debug|Any CPU
		{64C9D6C4-2A57-43AA-A35A-D3FF72D47949}.Release|Any CPU.ActiveCfg = Release|Any CPU
		{64C9D6C4-2A57-43AA-A35A-D3FF72D47949}.Release|Any CPU.Build.0 = Release|Any CPU
	EndGlobalSection
	GlobalSection(SolutionProperties) = preSolution
		HideSolutionNode = FALSE
	EndGlobalSection
	GlobalSection(ExtensibilityGlobals) = postSolution
		SolutionGuid = {59844D77-688A-4022-9CF0-F7EC093D8556}
	EndGlobalSection
EndGlobal
